
Microsoft Visual Studio Solution File, Format Version 12.00
# Visual Studio Version 17
VisualStudioVersion = 17.2.32516.85
MinimumVisualStudioVersion = 10.0.40219.1
Project("{FAE04EC0-301F-11D3-BF4B-00C04F79EFBC}") = "HW5", "HW5\HW5.csproj", "{B7D6809D-67D1-4F78-A87A-6603779750DE}"
EndProject
Global
	GlobalSection(SolutionConfigurationPlatforms) = preSolution
		Debug|Any CPU = Debug|Any CPU
		Release|Any CPU = Release|Any CPU
	EndGlobalSection
	GlobalSection(ProjectConfigurationPlatforms) = postSolution
		{B7D6809D-67D1-4F78-A87A-6603779750DE}.Debug|Any CPU.ActiveCfg = Debug|Any CPU
		{B7D6809D-67D1-4F78-A87A-6603779750DE}.Debug|Any CPU.Build.0 = Debug|Any CPU
		{B7D6809D-67D1-4F78-A87A-6603779750DE}.Release|Any CPU.ActiveCfg = Release|Any CPU
		{B7D6809D-67D1-4F78-A87A-6603779750DE}.Release|Any CPU.Build.0 = Release|Any CPU
	EndGlobalSection
	GlobalSection(SolutionProperties) = preSolution
		HideSolutionNode = FALSE
	EndGlobalSection
	GlobalSection(ExtensibilityGlobals) = postSolution
		SolutionGuid = {489E628E-DB1A-4B21-9D2C-C48EE18BAC66}
	EndGlobalSection
EndGlobal
